<?xml version="1.0" encoding="utf-8"?>
<Project ToolsVersion="4.0" xmlns="http://schemas.microsoft.com/developer/msbuild/2003">
  <ItemGroup>
    <Filter Include="소스 파일">
      <UniqueIdentifier>{4FC737F1-C7A5-4376-A066-2A32D752A2FF}</UniqueIdentifier>
      <Extensions>cpp;c;cc;cxx;def;odl;idl;hpj;bat;asm;asmx</Extensions>
    </Filter>
    <Filter Include="헤더 파일">
      <UniqueIdentifier>{93995380-89BD-4b04-88EB-625FBE52EBFB}</UniqueIdentifier>
      <Extensions>h;hh;hpp;hxx;hm;inl;inc;xsd</Extensions>
    </Filter>
    <Filter Include="리소스 파일">
      <UniqueIdentifier>{67DA6AB6-F800-4c08-8B7A-83BB121AAD01}</UniqueIdentifier>
      <Extensions>rc;ico;cur;bmp;dlg;rc2;rct;bin;rgs;gif;jpg;jpeg;jpe;resx;tiff;tif;png;wav;mfcribbon-ms</Extensions>
    </Filter>
    <Filter Include="signedsecurefile">
      <UniqueIdentifier>{bc1f91af-03a6-4ff4-9ff2-f412358d1a43}</UniqueIdentifier>
    </Filter>
    <Filter Include="signedsecurefile\exception">
      <UniqueIdentifier>{617500a8-586a-48b6-800c-738f9a68e8fd}</UniqueIdentifier>
    </Filter>
  </ItemGroup>
  <ItemGroup>
    <ClInclude Include="signedsecurefile\exception\IntegrityException.hpp">
      <Filter>signedsecurefile\exception</Filter>
    </ClInclude>
    <ClInclude Include="signedsecurefile\exception\InvalidFileException.hpp">
      <Filter>signedsecurefile\exception</Filter>
    </ClInclude>
    <ClInclude Include="signedsecurefile\exception\InvalidKeyException.hpp">
      <Filter>signedsecurefile\exception</Filter>
    </ClInclude>
    <ClInclude Include="signedsecurefile\exception\SignedSecureFileException.hpp">
      <Filter>signedsecurefile\exception</Filter>
    </ClInclude>
    <ClInclude Include="signedsecurefile\AbstructSignedSecureFile.hpp">
      <Filter>signedsecurefile</Filter>
    </ClInclude>
    <ClInclude Include="signedsecurefile\Buffer.hpp">
      <Filter>signedsecurefile</Filter>
    </ClInclude>
    <ClInclude Include="signedsecurefile\Header.hpp">
      <Filter>signedsecurefile</Filter>
    </ClInclude>
    <ClInclude Include="signedsecurefile\InputStream.hpp">
      <Filter>signedsecurefile</Filter>
    </ClInclude>
    <ClInclude Include="signedsecurefile\MemoryAllocator.hpp">
      <Filter>signedsecurefile</Filter>
    </ClInclude>
    <ClInclude Include="signedsecurefile\Key.hpp">
      <Filter>signedsecurefile</Filter>
    </ClInclude>
    <ClInclude Include="signedsecurefile\OutputStream.hpp">
      <Filter>signedsecurefile</Filter>
    </ClInclude>
  </ItemGroup>
  <ItemGroup>
    <ClCompile Include="signedsecurefile\InputStream.cpp">
      <Filter>signedsecurefile</Filter>
    </ClCompile>
    <ClCompile Include="signedsecurefile\OutputStream.cpp">
      <Filter>signedsecurefile</Filter>
    </ClCompile>
    <ClCompile Include="signedsecurefile\Header.cpp">
      <Filter>signedsecurefile</Filter>
    </ClCompile>
    <ClCompile Include="signedsecurefile\Key.cpp">
      <Filter>signedsecurefile</Filter>
    </ClCompile>
    <ClCompile Include="main.cpp">
      <Filter>소스 파일</Filter>
    </ClCompile>
    <ClCompile Include="signedsecurefile\Buffer.cpp">
      <Filter>signedsecurefile</Filter>
    </ClCompile>
    <ClCompile Include="signedsecurefile\AbstructSignedSecureFile.cpp">
      <Filter>signedsecurefile</Filter>
    </ClCompile>
  </ItemGroup>
</Project>